
Microsoft Visual Studio Solution File, Format Version 12.00
# Visual Studio 15
VisualStudioVersion = 15.0.28307.572
MinimumVisualStudioVersion = 10.0.40219.1
Project("{2150E333-8FDC-42A3-9474-1A3956D46DE8}") = "18.04.19 - Solid Principles", "18.04.19 - Solid Principles", "{12CAC66E-965D-4479-B5FF-1701C01EB50B}"
EndProject
Project("{9A19103F-16F7-4668-BE54-9A1E7A4F7556}") = "01.factoryDesignPattern", "18.04.19 - Solid Principles\01.factoryDesignPattern\01.factoryDesignPattern.csproj", "{2C40789F-97F8-4EBA-A15A-A52075E9C296}"
EndProject
Project("{9A19103F-16F7-4668-BE54-9A1E7A4F7556}") = "02.singleResponsibilityPrincipe", "18.04.19 - Solid Principles\02.singleResponsibilityPrincipe\02.singleResponsibilityPrincipe.csproj", "{188B46A8-6041-444A-80A7-DAB57EB7A6D3}"
EndProject
Project("{2150E333-8FDC-42A3-9474-1A3956D46DE8}") = "23.04.19 - Asynchronous Programming", "23.04.19 - Asynchronous Programming", "{E68BA620-0717-4C3B-9C3F-83D40DFF2758}"
EndProject
Project("{9A19103F-16F7-4668-BE54-9A1E7A4F7556}") = "01.AsynchronousCodeExample", "23.04.19 - Asynchronous Programming\01.AsynchronousCodeExample\01.AsynchronousCodeExample.csproj", "{B9A85313-FC86-4110-B7FB-B53386399F17}"
EndProject
Project("{9A19103F-16F7-4668-BE54-9A1E7A4F7556}") = "02.RaceConditionExample", "23.04.19 - Asynchronous Programming\02.RaceCondition\02.RaceConditionExample.csproj", "{8411C237-0E10-417D-8BEC-23DFE771AD31}"
EndProject
Project("{2150E333-8FDC-42A3-9474-1A3956D46DE8}") = "07.05..19 - EF AdoNET Database", "07.05..19 - EF AdoNET Database", "{673315D7-E1D8-4615-9309-99BD4DCCF1F5}"
EndProject
Project("{9A19103F-16F7-4668-BE54-9A1E7A4F7556}") = "Axway", "07.05.19 - EF AdoNET Database\Axway\Axway.csproj", "{E91ACDB6-4D1A-4125-A12B-DEE897B588D9}"
EndProject
Project("{9A19103F-16F7-4668-BE54-9A1E7A4F7556}") = "Axway.Database", "07.05.19 - EF AdoNET Database\Axway.Database\Axway.Database.csproj", "{19696A90-D393-4A22-8AD6-CE6ED72E0472}"
EndProject
Project("{2150E333-8FDC-42A3-9474-1A3956D46DE8}") = "09.05.19 - ASP Web API", "09.05.19 - ASP Web API", "{B0CE6DEC-AEA6-4735-821B-0D2044FC2F07}"
EndProject
Project("{9A19103F-16F7-4668-BE54-9A1E7A4F7556}") = "AxwayHomeworkApp", "09.05.19 - ASP Web API\AxwayHomeworkApp\AxwayHomeworkApp.csproj", "{A5B5BC0F-7FC1-439C-9FF4-AC6BD3792A13}"
EndProject
Project("{2150E333-8FDC-42A3-9474-1A3956D46DE8}") = "Data", "Data", "{29BFD4C3-53EB-461C-ADA5-4B19639B0409}"
EndProject
Project("{9A19103F-16F7-4668-BE54-9A1E7A4F7556}") = "AxwayHomeworkApp.Data", "09.05.19 - ASP Web API\Data\AxwayHomeworkApp.Data\AxwayHomeworkApp.Data.csproj", "{77E8C101-B664-407B-87C7-2861AD3325C6}"
EndProject
Project("{9A19103F-16F7-4668-BE54-9A1E7A4F7556}") = "AxwayHomeworkApp.Models", "09.05.19 - ASP Web API\Data\AxwayHomeworkApp.Models\AxwayHomeworkApp.Models.csproj", "{79317F89-4BC4-469E-8851-360AB5CE587F}"
EndProject
Project("{2150E333-8FDC-42A3-9474-1A3956D46DE8}") = "Services", "Services", "{78F334BE-E27F-4967-B6AC-0959C8E4417D}"
EndProject
Project("{2150E333-8FDC-42A3-9474-1A3956D46DE8}") = "28.05.19 - Testing TDD", "28.05.19 - Testing TDD", "{159FAA4F-28D6-453D-B5D7-41A3E49DA06E}"
EndProject
Project("{2150E333-8FDC-42A3-9474-1A3956D46DE8}") = "Tests", "Tests", "{B679F632-027D-4A3F-B743-0D5D047BACC0}"
EndProject
Project("{FAE04EC0-301F-11D3-BF4B-00C04F79EFBC}") = "Program.Tests", "28.05.19 - Testing TDD\Tests\Program.Tests\Program.Tests.csproj", "{5CD900F3-04A9-49C7-8C59-6AB93D1F22E1}"
EndProject
Global
	GlobalSection(SolutionConfigurationPlatforms) = preSolution
		Debug|Any CPU = Debug|Any CPU
		Release|Any CPU = Release|Any CPU
	EndGlobalSection
	GlobalSection(ProjectConfigurationPlatforms) = postSolution
		{2C40789F-97F8-4EBA-A15A-A52075E9C296}.Debug|Any CPU.ActiveCfg = Debug|Any CPU
		{2C40789F-97F8-4EBA-A15A-A52075E9C296}.Debug|Any CPU.Build.0 = Debug|Any CPU
		{2C40789F-97F8-4EBA-A15A-A52075E9C296}.Release|Any CPU.ActiveCfg = Release|Any CPU
		{2C40789F-97F8-4EBA-A15A-A52075E9C296}.Release|Any CPU.Build.0 = Release|Any CPU
		{188B46A8-6041-444A-80A7-DAB57EB7A6D3}.Debug|Any CPU.ActiveCfg = Debug|Any CPU
		{188B46A8-6041-444A-80A7-DAB57EB7A6D3}.Debug|Any CPU.Build.0 = Debug|Any CPU
		{188B46A8-6041-444A-80A7-DAB57EB7A6D3}.Release|Any CPU.ActiveCfg = Release|Any CPU
		{188B46A8-6041-444A-80A7-DAB57EB7A6D3}.Release|Any CPU.Build.0 = Release|Any CPU
		{B9A85313-FC86-4110-B7FB-B53386399F17}.Debug|Any CPU.ActiveCfg = Debug|Any CPU
		{B9A85313-FC86-4110-B7FB-B53386399F17}.Debug|Any CPU.Build.0 = Debug|Any CPU
		{B9A85313-FC86-4110-B7FB-B53386399F17}.Release|Any CPU.ActiveCfg = Release|Any CPU
		{B9A85313-FC86-4110-B7FB-B53386399F17}.Release|Any CPU.Build.0 = Release|Any CPU
		{8411C237-0E10-417D-8BEC-23DFE771AD31}.Debug|Any CPU.ActiveCfg = Debug|Any CPU
		{8411C237-0E10-417D-8BEC-23DFE771AD31}.Debug|Any CPU.Build.0 = Debug|Any CPU
		{8411C237-0E10-417D-8BEC-23DFE771AD31}.Release|Any CPU.ActiveCfg = Release|Any CPU
		{8411C237-0E10-417D-8BEC-23DFE771AD31}.Release|Any CPU.Build.0 = Release|Any CPU
		{E91ACDB6-4D1A-4125-A12B-DEE897B588D9}.Debug|Any CPU.ActiveCfg = Debug|Any CPU
		{E91ACDB6-4D1A-4125-A12B-DEE897B588D9}.Debug|Any CPU.Build.0 = Debug|Any CPU
		{E91ACDB6-4D1A-4125-A12B-DEE897B588D9}.Release|Any CPU.ActiveCfg = Release|Any CPU
		{E91ACDB6-4D1A-4125-A12B-DEE897B588D9}.Release|Any CPU.Build.0 = Release|Any CPU
		{19696A90-D393-4A22-8AD6-CE6ED72E0472}.Debug|Any CPU.ActiveCfg = Debug|Any CPU
		{19696A90-D393-4A22-8AD6-CE6ED72E0472}.Debug|Any CPU.Build.0 = Debug|Any CPU
		{19696A90-D393-4A22-8AD6-CE6ED72E0472}.Release|Any CPU.ActiveCfg = Release|Any CPU
		{19696A90-D393-4A22-8AD6-CE6ED72E0472}.Release|Any CPU.Build.0 = Release|Any CPU
		{A5B5BC0F-7FC1-439C-9FF4-AC6BD3792A13}.Debug|Any CPU.ActiveCfg = Debug|Any CPU
		{A5B5BC0F-7FC1-439C-9FF4-AC6BD3792A13}.Debug|Any CPU.Build.0 = Debug|Any CPU
		{A5B5BC0F-7FC1-439C-9FF4-AC6BD3792A13}.Release|Any CPU.ActiveCfg = Release|Any CPU
		{A5B5BC0F-7FC1-439C-9FF4-AC6BD3792A13}.Release|Any CPU.Build.0 = Release|Any CPU
		{77E8C101-B664-407B-87C7-2861AD3325C6}.Debug|Any CPU.ActiveCfg = Debug|Any CPU
		{77E8C101-B664-407B-87C7-2861AD3325C6}.Debug|Any CPU.Build.0 = Debug|Any CPU
		{77E8C101-B664-407B-87C7-2861AD3325C6}.Release|Any CPU.ActiveCfg = Release|Any CPU
		{77E8C101-B664-407B-87C7-2861AD3325C6}.Release|Any CPU.Build.0 = Release|Any CPU
		{79317F89-4BC4-469E-8851-360AB5CE587F}.Debug|Any CPU.ActiveCfg = Debug|Any CPU
		{79317F89-4BC4-469E-8851-360AB5CE587F}.Debug|Any CPU.Build.0 = Debug|Any CPU
		{79317F89-4BC4-469E-8851-360AB5CE587F}.Release|Any CPU.ActiveCfg = Release|Any CPU
		{79317F89-4BC4-469E-8851-360AB5CE587F}.Release|Any CPU.Build.0 = Release|Any CPU
		{5CD900F3-04A9-49C7-8C59-6AB93D1F22E1}.Debug|Any CPU.ActiveCfg = Debug|Any CPU
		{5CD900F3-04A9-49C7-8C59-6AB93D1F22E1}.Debug|Any CPU.Build.0 = Debug|Any CPU
		{5CD900F3-04A9-49C7-8C59-6AB93D1F22E1}.Release|Any CPU.ActiveCfg = Release|Any CPU
		{5CD900F3-04A9-49C7-8C59-6AB93D1F22E1}.Release|Any CPU.Build.0 = Release|Any CPU
	EndGlobalSection
	GlobalSection(SolutionProperties) = preSolution
		HideSolutionNode = FALSE
	EndGlobalSection
	GlobalSection(NestedProjects) = preSolution
		{2C40789F-97F8-4EBA-A15A-A52075E9C296} = {12CAC66E-965D-4479-B5FF-1701C01EB50B}
		{188B46A8-6041-444A-80A7-DAB57EB7A6D3} = {12CAC66E-965D-4479-B5FF-1701C01EB50B}
		{B9A85313-FC86-4110-B7FB-B53386399F17} = {E68BA620-0717-4C3B-9C3F-83D40DFF2758}
		{8411C237-0E10-417D-8BEC-23DFE771AD31} = {E68BA620-0717-4C3B-9C3F-83D40DFF2758}
		{E91ACDB6-4D1A-4125-A12B-DEE897B588D9} = {673315D7-E1D8-4615-9309-99BD4DCCF1F5}
		{19696A90-D393-4A22-8AD6-CE6ED72E0472} = {673315D7-E1D8-4615-9309-99BD4DCCF1F5}
		{A5B5BC0F-7FC1-439C-9FF4-AC6BD3792A13} = {B0CE6DEC-AEA6-4735-821B-0D2044FC2F07}
		{29BFD4C3-53EB-461C-ADA5-4B19639B0409} = {B0CE6DEC-AEA6-4735-821B-0D2044FC2F07}
		{77E8C101-B664-407B-87C7-2861AD3325C6} = {29BFD4C3-53EB-461C-ADA5-4B19639B0409}
		{79317F89-4BC4-469E-8851-360AB5CE587F} = {29BFD4C3-53EB-461C-ADA5-4B19639B0409}
		{78F334BE-E27F-4967-B6AC-0959C8E4417D} = {B0CE6DEC-AEA6-4735-821B-0D2044FC2F07}
		{B679F632-027D-4A3F-B743-0D5D047BACC0} = {159FAA4F-28D6-453D-B5D7-41A3E49DA06E}
		{5CD900F3-04A9-49C7-8C59-6AB93D1F22E1} = {B679F632-027D-4A3F-B743-0D5D047BACC0}
	EndGlobalSection
	GlobalSection(ExtensibilityGlobals) = postSolution
		SolutionGuid = {EE4AB12D-DE56-4BAD-970B-E8A156BEA4BB}
	EndGlobalSection
EndGlobal
