
Microsoft Visual Studio Solution File, Format Version 12.00
# Visual Studio 15
VisualStudioVersion = 15.0.28307.572
MinimumVisualStudioVersion = 10.0.40219.1
Project("{2150E333-8FDC-42A3-9474-1A3956D46DE8}") = "18.04.19 - Solid Principles", "18.04.19 - Solid Principles", "{12CAC66E-965D-4479-B5FF-1701C01EB50B}"
EndProject
Project("{FAE04EC0-301F-11D3-BF4B-00C04F79EFBC}") = "01.factoryDesignPattern", "18.04.19 - Solid Principles\01.factoryDesignPattern\01.factoryDesignPattern.csproj", "{2C40789F-97F8-4EBA-A15A-A52075E9C296}"
EndProject
Global
	GlobalSection(SolutionConfigurationPlatforms) = preSolution
		Debug|Any CPU = Debug|Any CPU
		Release|Any CPU = Release|Any CPU
	EndGlobalSection
	GlobalSection(ProjectConfigurationPlatforms) = postSolution
		{2C40789F-97F8-4EBA-A15A-A52075E9C296}.Debug|Any CPU.ActiveCfg = Debug|Any CPU
		{2C40789F-97F8-4EBA-A15A-A52075E9C296}.Debug|Any CPU.Build.0 = Debug|Any CPU
		{2C40789F-97F8-4EBA-A15A-A52075E9C296}.Release|Any CPU.ActiveCfg = Release|Any CPU
		{2C40789F-97F8-4EBA-A15A-A52075E9C296}.Release|Any CPU.Build.0 = Release|Any CPU
	EndGlobalSection
	GlobalSection(SolutionProperties) = preSolution
		HideSolutionNode = FALSE
	EndGlobalSection
	GlobalSection(NestedProjects) = preSolution
		{2C40789F-97F8-4EBA-A15A-A52075E9C296} = {12CAC66E-965D-4479-B5FF-1701C01EB50B}
	EndGlobalSection
	GlobalSection(ExtensibilityGlobals) = postSolution
		SolutionGuid = {EE4AB12D-DE56-4BAD-970B-E8A156BEA4BB}
	EndGlobalSection
EndGlobal
