
Microsoft Visual Studio Solution File, Format Version 12.00
# Visual Studio 15
VisualStudioVersion = 15.0.28307.572
MinimumVisualStudioVersion = 10.0.40219.1
Project("{2150E333-8FDC-42A3-9474-1A3956D46DE8}") = "18.04.19 - Solid Principles", "18.04.19 - Solid Principles", "{4684CB2C-51B8-4C82-9A1A-9B3241EE9572}"
EndProject
Project("{FAE04EC0-301F-11D3-BF4B-00C04F79EFBC}") = "01.factoryDesignPattern", "..\01.factoryDesignPattern\01.factoryDesignPattern.csproj", "{BFA4FC14-377D-423B-BDBD-2A4D95711D87}"
EndProject
Global
	GlobalSection(SolutionConfigurationPlatforms) = preSolution
		Debug|Any CPU = Debug|Any CPU
		Release|Any CPU = Release|Any CPU
	EndGlobalSection
	GlobalSection(ProjectConfigurationPlatforms) = postSolution
		{BFA4FC14-377D-423B-BDBD-2A4D95711D87}.Debug|Any CPU.ActiveCfg = Debug|Any CPU
		{BFA4FC14-377D-423B-BDBD-2A4D95711D87}.Debug|Any CPU.Build.0 = Debug|Any CPU
		{BFA4FC14-377D-423B-BDBD-2A4D95711D87}.Release|Any CPU.ActiveCfg = Release|Any CPU
		{BFA4FC14-377D-423B-BDBD-2A4D95711D87}.Release|Any CPU.Build.0 = Release|Any CPU
	EndGlobalSection
	GlobalSection(SolutionProperties) = preSolution
		HideSolutionNode = FALSE
	EndGlobalSection
	GlobalSection(NestedProjects) = preSolution
		{BFA4FC14-377D-423B-BDBD-2A4D95711D87} = {4684CB2C-51B8-4C82-9A1A-9B3241EE9572}
	EndGlobalSection
	GlobalSection(ExtensibilityGlobals) = postSolution
		SolutionGuid = {EE4AB12D-DE56-4BAD-970B-E8A156BEA4BB}
	EndGlobalSection
EndGlobal
